
Microsoft Visual Studio Solution File, Format Version 12.00
# Visual Studio Version 17
VisualStudioVersion = 17.12.35527.113
MinimumVisualStudioVersion = 10.0.40219.1
Project("{2150E333-8FDC-42A3-9474-1A3956D46DE8}") = "Task0", "Task0", "{0C83F29E-7C5E-4C34-AD0A-7C2C09B5E003}"
EndProject
Project("{FAE04EC0-301F-11D3-BF4B-00C04F79EFBC}") = "Tyuiu.FilimonchukED.Sprint3.Task0.V30", "Tyuiu.FilimonchukED.Sprint3.Task0.V30\Tyuiu.FilimonchukED.Sprint3.Task0.V30.csproj", "{AB9D7D85-813B-4D55-ABDF-6B6675E9564B}"
EndProject
Project("{FAE04EC0-301F-11D3-BF4B-00C04F79EFBC}") = "Tyuiu.FilimonchukED.Sprint3.Task0.V30.Test", "Tyuiu.FilimonchukED.Sprint3.Task0.V30.Test\Tyuiu.FilimonchukED.Sprint3.Task0.V30.Test.csproj", "{5AFD5F49-85EB-41B3-B6BD-B8EA1F3F772D}"
EndProject
Project("{FAE04EC0-301F-11D3-BF4B-00C04F79EFBC}") = "Tyuiu.FilimonchukED.Sprint3.Task0.V30.Lib", "Tyuiu.FilimonchukED.Sprint3.Task0.V30.Lib\Tyuiu.FilimonchukED.Sprint3.Task0.V30.Lib.csproj", "{CB152282-B7EE-4131-9EDE-C463FA5F3BDE}"
EndProject
Project("{2150E333-8FDC-42A3-9474-1A3956D46DE8}") = "Task1", "Task1", "{C2E2287B-478A-47C3-865A-8B186189CEB3}"
EndProject
Project("{FAE04EC0-301F-11D3-BF4B-00C04F79EFBC}") = "Tyuiu.FilimonchukED.Sprint3.Task1.V27", "Tyuiu.FilimonchukED.Sprint3.Task1.V27\Tyuiu.FilimonchukED.Sprint3.Task1.V27.csproj", "{0FF8A901-0CC3-43F4-926F-7EBA9F2A6819}"
EndProject
Project("{FAE04EC0-301F-11D3-BF4B-00C04F79EFBC}") = "Tyuiu.FilimonchukED.Sprint3.Task1.V27.Lib", "Tyuiu.FilimonchukED.Sprint3.Task1.V27.Lib\Tyuiu.FilimonchukED.Sprint3.Task1.V27.Lib.csproj", "{4A59ACC0-4D98-4789-BB42-3C2324D80D90}"
EndProject
Project("{FAE04EC0-301F-11D3-BF4B-00C04F79EFBC}") = "Tyuiu.FilimonchukED.Sprint3.Task1.V27.Test", "Tyuiu.FilimonchukED.Sprint3.Task1.V27.Test\Tyuiu.FilimonchukED.Sprint3.Task1.V27.Test.csproj", "{4678D452-23EF-40CA-B1C7-FF50A2AA1192}"
EndProject
Project("{2150E333-8FDC-42A3-9474-1A3956D46DE8}") = "Task2", "Task2", "{796FABAF-B3B4-403E-9F64-0566F9BC5CC9}"
EndProject
Project("{FAE04EC0-301F-11D3-BF4B-00C04F79EFBC}") = "Tyuiu.FilimonchukED.Sprint3.Task2.V6", "Tyuiu.FilimonchukED.Sprint3.Task2.V6\Tyuiu.FilimonchukED.Sprint3.Task2.V6.csproj", "{64EA1529-E8A4-405C-8B72-CCFC5558E124}"
EndProject
Project("{FAE04EC0-301F-11D3-BF4B-00C04F79EFBC}") = "Tyuiu.FilimonchukED.Sprint3.Task2.V6.Lib", "Tyuiu.FilimonchukED.Sprint3.Task2.V6.Lib\Tyuiu.FilimonchukED.Sprint3.Task2.V6.Lib.csproj", "{8816D3CE-2D5B-4156-9780-122EBDA39288}"
EndProject
Project("{FAE04EC0-301F-11D3-BF4B-00C04F79EFBC}") = "Tyuiu.FilimonchukED.Sprint3.Task2.V6.Test", "Tyuiu.FilimonchukED.Sprint3.Task2.V6.Test\Tyuiu.FilimonchukED.Sprint3.Task2.V6.Test.csproj", "{40B624F1-9C44-4CA1-9613-D3AF45A3BA09}"
EndProject
Global
	GlobalSection(SolutionConfigurationPlatforms) = preSolution
		Debug|Any CPU = Debug|Any CPU
		Release|Any CPU = Release|Any CPU
	EndGlobalSection
	GlobalSection(ProjectConfigurationPlatforms) = postSolution
		{AB9D7D85-813B-4D55-ABDF-6B6675E9564B}.Debug|Any CPU.ActiveCfg = Debug|Any CPU
		{AB9D7D85-813B-4D55-ABDF-6B6675E9564B}.Debug|Any CPU.Build.0 = Debug|Any CPU
		{AB9D7D85-813B-4D55-ABDF-6B6675E9564B}.Release|Any CPU.ActiveCfg = Release|Any CPU
		{AB9D7D85-813B-4D55-ABDF-6B6675E9564B}.Release|Any CPU.Build.0 = Release|Any CPU
		{5AFD5F49-85EB-41B3-B6BD-B8EA1F3F772D}.Debug|Any CPU.ActiveCfg = Debug|Any CPU
		{5AFD5F49-85EB-41B3-B6BD-B8EA1F3F772D}.Debug|Any CPU.Build.0 = Debug|Any CPU
		{5AFD5F49-85EB-41B3-B6BD-B8EA1F3F772D}.Release|Any CPU.ActiveCfg = Release|Any CPU
		{5AFD5F49-85EB-41B3-B6BD-B8EA1F3F772D}.Release|Any CPU.Build.0 = Release|Any CPU
		{CB152282-B7EE-4131-9EDE-C463FA5F3BDE}.Debug|Any CPU.ActiveCfg = Debug|Any CPU
		{CB152282-B7EE-4131-9EDE-C463FA5F3BDE}.Debug|Any CPU.Build.0 = Debug|Any CPU
		{CB152282-B7EE-4131-9EDE-C463FA5F3BDE}.Release|Any CPU.ActiveCfg = Release|Any CPU
		{CB152282-B7EE-4131-9EDE-C463FA5F3BDE}.Release|Any CPU.Build.0 = Release|Any CPU
		{0FF8A901-0CC3-43F4-926F-7EBA9F2A6819}.Debug|Any CPU.ActiveCfg = Debug|Any CPU
		{0FF8A901-0CC3-43F4-926F-7EBA9F2A6819}.Debug|Any CPU.Build.0 = Debug|Any CPU
		{0FF8A901-0CC3-43F4-926F-7EBA9F2A6819}.Release|Any CPU.ActiveCfg = Release|Any CPU
		{0FF8A901-0CC3-43F4-926F-7EBA9F2A6819}.Release|Any CPU.Build.0 = Release|Any CPU
		{4A59ACC0-4D98-4789-BB42-3C2324D80D90}.Debug|Any CPU.ActiveCfg = Debug|Any CPU
		{4A59ACC0-4D98-4789-BB42-3C2324D80D90}.Debug|Any CPU.Build.0 = Debug|Any CPU
		{4A59ACC0-4D98-4789-BB42-3C2324D80D90}.Release|Any CPU.ActiveCfg = Release|Any CPU
		{4A59ACC0-4D98-4789-BB42-3C2324D80D90}.Release|Any CPU.Build.0 = Release|Any CPU
		{4678D452-23EF-40CA-B1C7-FF50A2AA1192}.Debug|Any CPU.ActiveCfg = Debug|Any CPU
		{4678D452-23EF-40CA-B1C7-FF50A2AA1192}.Debug|Any CPU.Build.0 = Debug|Any CPU
		{4678D452-23EF-40CA-B1C7-FF50A2AA1192}.Release|Any CPU.ActiveCfg = Release|Any CPU
		{4678D452-23EF-40CA-B1C7-FF50A2AA1192}.Release|Any CPU.Build.0 = Release|Any CPU
		{64EA1529-E8A4-405C-8B72-CCFC5558E124}.Debug|Any CPU.ActiveCfg = Debug|Any CPU
		{64EA1529-E8A4-405C-8B72-CCFC5558E124}.Debug|Any CPU.Build.0 = Debug|Any CPU
		{64EA1529-E8A4-405C-8B72-CCFC5558E124}.Release|Any CPU.ActiveCfg = Release|Any CPU
		{64EA1529-E8A4-405C-8B72-CCFC5558E124}.Release|Any CPU.Build.0 = Release|Any CPU
		{8816D3CE-2D5B-4156-9780-122EBDA39288}.Debug|Any CPU.ActiveCfg = Debug|Any CPU
		{8816D3CE-2D5B-4156-9780-122EBDA39288}.Debug|Any CPU.Build.0 = Debug|Any CPU
		{8816D3CE-2D5B-4156-9780-122EBDA39288}.Release|Any CPU.ActiveCfg = Release|Any CPU
		{8816D3CE-2D5B-4156-9780-122EBDA39288}.Release|Any CPU.Build.0 = Release|Any CPU
		{40B624F1-9C44-4CA1-9613-D3AF45A3BA09}.Debug|Any CPU.ActiveCfg = Debug|Any CPU
		{40B624F1-9C44-4CA1-9613-D3AF45A3BA09}.Debug|Any CPU.Build.0 = Debug|Any CPU
		{40B624F1-9C44-4CA1-9613-D3AF45A3BA09}.Release|Any CPU.ActiveCfg = Release|Any CPU
		{40B624F1-9C44-4CA1-9613-D3AF45A3BA09}.Release|Any CPU.Build.0 = Release|Any CPU
	EndGlobalSection
	GlobalSection(SolutionProperties) = preSolution
		HideSolutionNode = FALSE
	EndGlobalSection
	GlobalSection(NestedProjects) = preSolution
		{AB9D7D85-813B-4D55-ABDF-6B6675E9564B} = {0C83F29E-7C5E-4C34-AD0A-7C2C09B5E003}
		{5AFD5F49-85EB-41B3-B6BD-B8EA1F3F772D} = {0C83F29E-7C5E-4C34-AD0A-7C2C09B5E003}
		{CB152282-B7EE-4131-9EDE-C463FA5F3BDE} = {0C83F29E-7C5E-4C34-AD0A-7C2C09B5E003}
		{0FF8A901-0CC3-43F4-926F-7EBA9F2A6819} = {C2E2287B-478A-47C3-865A-8B186189CEB3}
		{4A59ACC0-4D98-4789-BB42-3C2324D80D90} = {C2E2287B-478A-47C3-865A-8B186189CEB3}
		{4678D452-23EF-40CA-B1C7-FF50A2AA1192} = {C2E2287B-478A-47C3-865A-8B186189CEB3}
		{64EA1529-E8A4-405C-8B72-CCFC5558E124} = {796FABAF-B3B4-403E-9F64-0566F9BC5CC9}
		{8816D3CE-2D5B-4156-9780-122EBDA39288} = {796FABAF-B3B4-403E-9F64-0566F9BC5CC9}
		{40B624F1-9C44-4CA1-9613-D3AF45A3BA09} = {796FABAF-B3B4-403E-9F64-0566F9BC5CC9}
	EndGlobalSection
EndGlobal
