
Microsoft Visual Studio Solution File, Format Version 12.00
# Visual Studio Version 17
VisualStudioVersion = 17.12.35527.113
MinimumVisualStudioVersion = 10.0.40219.1
Project("{2150E333-8FDC-42A3-9474-1A3956D46DE8}") = "Task0", "Task0", "{0C83F29E-7C5E-4C34-AD0A-7C2C09B5E003}"
EndProject
Project("{FAE04EC0-301F-11D3-BF4B-00C04F79EFBC}") = "Tyuiu.FilimonchukED.Sprint3.Task0.V30", "Tyuiu.FilimonchukED.Sprint3.Task0.V30\Tyuiu.FilimonchukED.Sprint3.Task0.V30.csproj", "{AB9D7D85-813B-4D55-ABDF-6B6675E9564B}"
EndProject
Project("{FAE04EC0-301F-11D3-BF4B-00C04F79EFBC}") = "Tyuiu.FilimonchukED.Sprint3.Task0.V30.Test", "Tyuiu.FilimonchukED.Sprint3.Task0.V30.Test\Tyuiu.FilimonchukED.Sprint3.Task0.V30.Test.csproj", "{5AFD5F49-85EB-41B3-B6BD-B8EA1F3F772D}"
EndProject
Project("{FAE04EC0-301F-11D3-BF4B-00C04F79EFBC}") = "Tyuiu.FilimonchukED.Sprint3.Task0.V30.Lib", "Tyuiu.FilimonchukED.Sprint3.Task0.V30.Lib\Tyuiu.FilimonchukED.Sprint3.Task0.V30.Lib.csproj", "{CB152282-B7EE-4131-9EDE-C463FA5F3BDE}"
EndProject
Project("{2150E333-8FDC-42A3-9474-1A3956D46DE8}") = "Task1", "Task1", "{C2E2287B-478A-47C3-865A-8B186189CEB3}"
EndProject
Project("{FAE04EC0-301F-11D3-BF4B-00C04F79EFBC}") = "Tyuiu.FilimonchukED.Sprint3.Task1.V27", "Tyuiu.FilimonchukED.Sprint3.Task1.V27\Tyuiu.FilimonchukED.Sprint3.Task1.V27.csproj", "{0FF8A901-0CC3-43F4-926F-7EBA9F2A6819}"
EndProject
Project("{FAE04EC0-301F-11D3-BF4B-00C04F79EFBC}") = "Tyuiu.FilimonchukED.Sprint3.Task1.V27.Lib", "Tyuiu.FilimonchukED.Sprint3.Task1.V27.Lib\Tyuiu.FilimonchukED.Sprint3.Task1.V27.Lib.csproj", "{4A59ACC0-4D98-4789-BB42-3C2324D80D90}"
EndProject
Project("{FAE04EC0-301F-11D3-BF4B-00C04F79EFBC}") = "Tyuiu.FilimonchukED.Sprint3.Task1.V27.Test", "Tyuiu.FilimonchukED.Sprint3.Task1.V27.Test\Tyuiu.FilimonchukED.Sprint3.Task1.V27.Test.csproj", "{4678D452-23EF-40CA-B1C7-FF50A2AA1192}"
EndProject
Project("{2150E333-8FDC-42A3-9474-1A3956D46DE8}") = "Task2", "Task2", "{796FABAF-B3B4-403E-9F64-0566F9BC5CC9}"
EndProject
Project("{FAE04EC0-301F-11D3-BF4B-00C04F79EFBC}") = "Tyuiu.FilimonchukED.Sprint3.Task2.V6", "Tyuiu.FilimonchukED.Sprint3.Task2.V6\Tyuiu.FilimonchukED.Sprint3.Task2.V6.csproj", "{64EA1529-E8A4-405C-8B72-CCFC5558E124}"
EndProject
Project("{FAE04EC0-301F-11D3-BF4B-00C04F79EFBC}") = "Tyuiu.FilimonchukED.Sprint3.Task2.V6.Lib", "Tyuiu.FilimonchukED.Sprint3.Task2.V6.Lib\Tyuiu.FilimonchukED.Sprint3.Task2.V6.Lib.csproj", "{8816D3CE-2D5B-4156-9780-122EBDA39288}"
EndProject
Project("{FAE04EC0-301F-11D3-BF4B-00C04F79EFBC}") = "Tyuiu.FilimonchukED.Sprint3.Task2.V6.Test", "Tyuiu.FilimonchukED.Sprint3.Task2.V6.Test\Tyuiu.FilimonchukED.Sprint3.Task2.V6.Test.csproj", "{40B624F1-9C44-4CA1-9613-D3AF45A3BA09}"
EndProject
Project("{2150E333-8FDC-42A3-9474-1A3956D46DE8}") = "Task3", "Task3", "{11AA4DE5-0180-4413-B9D9-142586ADA616}"
EndProject
Project("{FAE04EC0-301F-11D3-BF4B-00C04F79EFBC}") = "Tyuiu.FilimonchukED.Sprint3.Task3.V26", "Tyuiu.FilimonchukED.Sprint3.Task3.V26\Tyuiu.FilimonchukED.Sprint3.Task3.V26.csproj", "{81B8928E-6A67-4EA1-851B-F9B04295F20C}"
EndProject
Project("{FAE04EC0-301F-11D3-BF4B-00C04F79EFBC}") = "Tyuiu.FilimonchukED.Sprint3.Task3.V26.Lib", "Tyuiu.FilimonchukED.Sprint3.Task3.V26.Lib\Tyuiu.FilimonchukED.Sprint3.Task3.V26.Lib.csproj", "{6329AD6D-6860-412B-AA83-0DD98F246E43}"
EndProject
Project("{FAE04EC0-301F-11D3-BF4B-00C04F79EFBC}") = "Tyuiu.FilimonchukED.Sprint3.Task3.V26.Test", "Tyuiu.FilimonchukED.Sprint3.Task3.V26.Test\Tyuiu.FilimonchukED.Sprint3.Task3.V26.Test.csproj", "{9AD45875-13AF-4E04-A32C-0CEE41D55E52}"
EndProject
Project("{2150E333-8FDC-42A3-9474-1A3956D46DE8}") = "Task4", "Task4", "{A4994E41-D597-4D7A-B404-D83BC2EF0265}"
EndProject
Project("{FAE04EC0-301F-11D3-BF4B-00C04F79EFBC}") = "Tyuiu.FilimonchukED.Sprint3.Task4.V2", "Tyuiu.FilimonchukED.Sprint3.Task4.V2\Tyuiu.FilimonchukED.Sprint3.Task4.V2.csproj", "{6FA4E15A-137C-4854-A87A-AB232A857C40}"
EndProject
Project("{FAE04EC0-301F-11D3-BF4B-00C04F79EFBC}") = "Tyuiu.FilimonchukED.Sprint3.Task4.V2.Lib", "Tyuiu.FilimonchukED.Sprint3.Task4.V2.Lib\Tyuiu.FilimonchukED.Sprint3.Task4.V2.Lib.csproj", "{F061545D-E0E6-4C2C-A3B1-AC382F27FBB1}"
EndProject
Project("{FAE04EC0-301F-11D3-BF4B-00C04F79EFBC}") = "Tyuiu.FilimonchukED.Sprint3.Task4.V2.Test", "Tyuiu.FilimonchukED.Sprint3.Task4.V2.Test\Tyuiu.FilimonchukED.Sprint3.Task4.V2.Test.csproj", "{E0A9A00F-A28C-4A0B-849B-7628A2B572E1}"
EndProject
Project("{2150E333-8FDC-42A3-9474-1A3956D46DE8}") = "Task5", "Task5", "{8BB27AB2-DF2E-43AA-934D-07AEAB4D02FA}"
EndProject
Project("{FAE04EC0-301F-11D3-BF4B-00C04F79EFBC}") = "Tyuiu.FilimonchukED.Sprint3.Task5.V2", "Tyuiu.FilimonchukED.Sprint3.Task5.V2\Tyuiu.FilimonchukED.Sprint3.Task5.V2.csproj", "{E3D13F6B-93DA-4194-8BD0-319C2F07E6EB}"
EndProject
Project("{FAE04EC0-301F-11D3-BF4B-00C04F79EFBC}") = "Tyuiu.FilimonchukED.Sprint3.Task5.V2.Lib", "Tyuiu.FilimonchukED.Sprint3.Task5.V2.Lib\Tyuiu.FilimonchukED.Sprint3.Task5.V2.Lib.csproj", "{18A07105-6EB4-46AA-AE3D-88A59F86AA0D}"
EndProject
Project("{FAE04EC0-301F-11D3-BF4B-00C04F79EFBC}") = "Tyuiu.FilimonchukED.Sprint3.Task5.V2.Test", "Tyuiu.FilimonchukED.Sprint3.Task5.V2.Test\Tyuiu.FilimonchukED.Sprint3.Task5.V2.Test.csproj", "{E5F941AE-9256-4602-94F7-B1095C5C2C73}"
EndProject
Project("{2150E333-8FDC-42A3-9474-1A3956D46DE8}") = "Task6", "Task6", "{3FC3B98B-D506-4548-B14A-AD54E860263F}"
EndProject
Project("{FAE04EC0-301F-11D3-BF4B-00C04F79EFBC}") = "Tyuiu.FilimonchukED.Sprint3.Task6.V11", "Tyuiu.FilimonchukED.Sprint3.Task6.V11\Tyuiu.FilimonchukED.Sprint3.Task6.V11.csproj", "{74F5DEA7-B06D-4E76-A6E1-604DA535C8D5}"
EndProject
Project("{FAE04EC0-301F-11D3-BF4B-00C04F79EFBC}") = "Tyuiu.FilimonchukED.Sprint3.Task6.V11.Lib", "Tyuiu.FilimonchukED.Sprint3.Task6.V11.Lib\Tyuiu.FilimonchukED.Sprint3.Task6.V11.Lib.csproj", "{4132229C-F264-4C09-8BC0-C5974FD6B780}"
EndProject
Project("{FAE04EC0-301F-11D3-BF4B-00C04F79EFBC}") = "Tyuiu.FilimonchukED.Sprint3.Task6.V11.Test", "Tyuiu.FilimonchukED.Sprint3.Task6.V11.Test\Tyuiu.FilimonchukED.Sprint3.Task6.V11.Test.csproj", "{E885827B-2D75-4236-8282-DA7F8EE2BECB}"
EndProject
Project("{2150E333-8FDC-42A3-9474-1A3956D46DE8}") = "Task7", "Task7", "{656A020F-DD0B-4B34-9E64-366667598943}"
EndProject
Project("{FAE04EC0-301F-11D3-BF4B-00C04F79EFBC}") = "Tyuiu.FilimonchukED.Sprint3.Task7.V15", "Tyuiu.FilimonchukED.Sprint3.Task7.V15\Tyuiu.FilimonchukED.Sprint3.Task7.V15.csproj", "{63CEF079-9734-463B-98E2-018C08476CD1}"
EndProject
Project("{FAE04EC0-301F-11D3-BF4B-00C04F79EFBC}") = "Tyuiu.FilimonchukED.Sprint3.Task7.V15.Lib", "Tyuiu.FilimonchukED.Sprint3.Task7.V15.Lib\Tyuiu.FilimonchukED.Sprint3.Task7.V15.Lib.csproj", "{F439C4A7-EA30-446F-99D4-046FE257E36E}"
EndProject
Project("{FAE04EC0-301F-11D3-BF4B-00C04F79EFBC}") = "Tyuiu.FilimonchukED.Sprint3.Task7.V15.Test", "Tyuiu.FilimonchukED.Sprint3.Task7.V15.Test\Tyuiu.FilimonchukED.Sprint3.Task7.V15.Test.csproj", "{E279B8DF-E526-46E8-B3C1-F0D7898F5B7B}"
EndProject
Global
	GlobalSection(SolutionConfigurationPlatforms) = preSolution
		Debug|Any CPU = Debug|Any CPU
		Release|Any CPU = Release|Any CPU
	EndGlobalSection
	GlobalSection(ProjectConfigurationPlatforms) = postSolution
		{AB9D7D85-813B-4D55-ABDF-6B6675E9564B}.Debug|Any CPU.ActiveCfg = Debug|Any CPU
		{AB9D7D85-813B-4D55-ABDF-6B6675E9564B}.Debug|Any CPU.Build.0 = Debug|Any CPU
		{AB9D7D85-813B-4D55-ABDF-6B6675E9564B}.Release|Any CPU.ActiveCfg = Release|Any CPU
		{AB9D7D85-813B-4D55-ABDF-6B6675E9564B}.Release|Any CPU.Build.0 = Release|Any CPU
		{5AFD5F49-85EB-41B3-B6BD-B8EA1F3F772D}.Debug|Any CPU.ActiveCfg = Debug|Any CPU
		{5AFD5F49-85EB-41B3-B6BD-B8EA1F3F772D}.Debug|Any CPU.Build.0 = Debug|Any CPU
		{5AFD5F49-85EB-41B3-B6BD-B8EA1F3F772D}.Release|Any CPU.ActiveCfg = Release|Any CPU
		{5AFD5F49-85EB-41B3-B6BD-B8EA1F3F772D}.Release|Any CPU.Build.0 = Release|Any CPU
		{CB152282-B7EE-4131-9EDE-C463FA5F3BDE}.Debug|Any CPU.ActiveCfg = Debug|Any CPU
		{CB152282-B7EE-4131-9EDE-C463FA5F3BDE}.Debug|Any CPU.Build.0 = Debug|Any CPU
		{CB152282-B7EE-4131-9EDE-C463FA5F3BDE}.Release|Any CPU.ActiveCfg = Release|Any CPU
		{CB152282-B7EE-4131-9EDE-C463FA5F3BDE}.Release|Any CPU.Build.0 = Release|Any CPU
		{0FF8A901-0CC3-43F4-926F-7EBA9F2A6819}.Debug|Any CPU.ActiveCfg = Debug|Any CPU
		{0FF8A901-0CC3-43F4-926F-7EBA9F2A6819}.Debug|Any CPU.Build.0 = Debug|Any CPU
		{0FF8A901-0CC3-43F4-926F-7EBA9F2A6819}.Release|Any CPU.ActiveCfg = Release|Any CPU
		{0FF8A901-0CC3-43F4-926F-7EBA9F2A6819}.Release|Any CPU.Build.0 = Release|Any CPU
		{4A59ACC0-4D98-4789-BB42-3C2324D80D90}.Debug|Any CPU.ActiveCfg = Debug|Any CPU
		{4A59ACC0-4D98-4789-BB42-3C2324D80D90}.Debug|Any CPU.Build.0 = Debug|Any CPU
		{4A59ACC0-4D98-4789-BB42-3C2324D80D90}.Release|Any CPU.ActiveCfg = Release|Any CPU
		{4A59ACC0-4D98-4789-BB42-3C2324D80D90}.Release|Any CPU.Build.0 = Release|Any CPU
		{4678D452-23EF-40CA-B1C7-FF50A2AA1192}.Debug|Any CPU.ActiveCfg = Debug|Any CPU
		{4678D452-23EF-40CA-B1C7-FF50A2AA1192}.Debug|Any CPU.Build.0 = Debug|Any CPU
		{4678D452-23EF-40CA-B1C7-FF50A2AA1192}.Release|Any CPU.ActiveCfg = Release|Any CPU
		{4678D452-23EF-40CA-B1C7-FF50A2AA1192}.Release|Any CPU.Build.0 = Release|Any CPU
		{64EA1529-E8A4-405C-8B72-CCFC5558E124}.Debug|Any CPU.ActiveCfg = Debug|Any CPU
		{64EA1529-E8A4-405C-8B72-CCFC5558E124}.Debug|Any CPU.Build.0 = Debug|Any CPU
		{64EA1529-E8A4-405C-8B72-CCFC5558E124}.Release|Any CPU.ActiveCfg = Release|Any CPU
		{64EA1529-E8A4-405C-8B72-CCFC5558E124}.Release|Any CPU.Build.0 = Release|Any CPU
		{8816D3CE-2D5B-4156-9780-122EBDA39288}.Debug|Any CPU.ActiveCfg = Debug|Any CPU
		{8816D3CE-2D5B-4156-9780-122EBDA39288}.Debug|Any CPU.Build.0 = Debug|Any CPU
		{8816D3CE-2D5B-4156-9780-122EBDA39288}.Release|Any CPU.ActiveCfg = Release|Any CPU
		{8816D3CE-2D5B-4156-9780-122EBDA39288}.Release|Any CPU.Build.0 = Release|Any CPU
		{40B624F1-9C44-4CA1-9613-D3AF45A3BA09}.Debug|Any CPU.ActiveCfg = Debug|Any CPU
		{40B624F1-9C44-4CA1-9613-D3AF45A3BA09}.Debug|Any CPU.Build.0 = Debug|Any CPU
		{40B624F1-9C44-4CA1-9613-D3AF45A3BA09}.Release|Any CPU.ActiveCfg = Release|Any CPU
		{40B624F1-9C44-4CA1-9613-D3AF45A3BA09}.Release|Any CPU.Build.0 = Release|Any CPU
		{81B8928E-6A67-4EA1-851B-F9B04295F20C}.Debug|Any CPU.ActiveCfg = Debug|Any CPU
		{81B8928E-6A67-4EA1-851B-F9B04295F20C}.Debug|Any CPU.Build.0 = Debug|Any CPU
		{81B8928E-6A67-4EA1-851B-F9B04295F20C}.Release|Any CPU.ActiveCfg = Release|Any CPU
		{81B8928E-6A67-4EA1-851B-F9B04295F20C}.Release|Any CPU.Build.0 = Release|Any CPU
		{6329AD6D-6860-412B-AA83-0DD98F246E43}.Debug|Any CPU.ActiveCfg = Debug|Any CPU
		{6329AD6D-6860-412B-AA83-0DD98F246E43}.Debug|Any CPU.Build.0 = Debug|Any CPU
		{6329AD6D-6860-412B-AA83-0DD98F246E43}.Release|Any CPU.ActiveCfg = Release|Any CPU
		{6329AD6D-6860-412B-AA83-0DD98F246E43}.Release|Any CPU.Build.0 = Release|Any CPU
		{9AD45875-13AF-4E04-A32C-0CEE41D55E52}.Debug|Any CPU.ActiveCfg = Debug|Any CPU
		{9AD45875-13AF-4E04-A32C-0CEE41D55E52}.Debug|Any CPU.Build.0 = Debug|Any CPU
		{9AD45875-13AF-4E04-A32C-0CEE41D55E52}.Release|Any CPU.ActiveCfg = Release|Any CPU
		{9AD45875-13AF-4E04-A32C-0CEE41D55E52}.Release|Any CPU.Build.0 = Release|Any CPU
		{6FA4E15A-137C-4854-A87A-AB232A857C40}.Debug|Any CPU.ActiveCfg = Debug|Any CPU
		{6FA4E15A-137C-4854-A87A-AB232A857C40}.Debug|Any CPU.Build.0 = Debug|Any CPU
		{6FA4E15A-137C-4854-A87A-AB232A857C40}.Release|Any CPU.ActiveCfg = Release|Any CPU
		{6FA4E15A-137C-4854-A87A-AB232A857C40}.Release|Any CPU.Build.0 = Release|Any CPU
		{F061545D-E0E6-4C2C-A3B1-AC382F27FBB1}.Debug|Any CPU.ActiveCfg = Debug|Any CPU
		{F061545D-E0E6-4C2C-A3B1-AC382F27FBB1}.Debug|Any CPU.Build.0 = Debug|Any CPU
		{F061545D-E0E6-4C2C-A3B1-AC382F27FBB1}.Release|Any CPU.ActiveCfg = Release|Any CPU
		{F061545D-E0E6-4C2C-A3B1-AC382F27FBB1}.Release|Any CPU.Build.0 = Release|Any CPU
		{E0A9A00F-A28C-4A0B-849B-7628A2B572E1}.Debug|Any CPU.ActiveCfg = Debug|Any CPU
		{E0A9A00F-A28C-4A0B-849B-7628A2B572E1}.Debug|Any CPU.Build.0 = Debug|Any CPU
		{E0A9A00F-A28C-4A0B-849B-7628A2B572E1}.Release|Any CPU.ActiveCfg = Release|Any CPU
		{E0A9A00F-A28C-4A0B-849B-7628A2B572E1}.Release|Any CPU.Build.0 = Release|Any CPU
		{E3D13F6B-93DA-4194-8BD0-319C2F07E6EB}.Debug|Any CPU.ActiveCfg = Debug|Any CPU
		{E3D13F6B-93DA-4194-8BD0-319C2F07E6EB}.Debug|Any CPU.Build.0 = Debug|Any CPU
		{E3D13F6B-93DA-4194-8BD0-319C2F07E6EB}.Release|Any CPU.ActiveCfg = Release|Any CPU
		{E3D13F6B-93DA-4194-8BD0-319C2F07E6EB}.Release|Any CPU.Build.0 = Release|Any CPU
		{18A07105-6EB4-46AA-AE3D-88A59F86AA0D}.Debug|Any CPU.ActiveCfg = Debug|Any CPU
		{18A07105-6EB4-46AA-AE3D-88A59F86AA0D}.Debug|Any CPU.Build.0 = Debug|Any CPU
		{18A07105-6EB4-46AA-AE3D-88A59F86AA0D}.Release|Any CPU.ActiveCfg = Release|Any CPU
		{18A07105-6EB4-46AA-AE3D-88A59F86AA0D}.Release|Any CPU.Build.0 = Release|Any CPU
		{E5F941AE-9256-4602-94F7-B1095C5C2C73}.Debug|Any CPU.ActiveCfg = Debug|Any CPU
		{E5F941AE-9256-4602-94F7-B1095C5C2C73}.Debug|Any CPU.Build.0 = Debug|Any CPU
		{E5F941AE-9256-4602-94F7-B1095C5C2C73}.Release|Any CPU.ActiveCfg = Release|Any CPU
		{E5F941AE-9256-4602-94F7-B1095C5C2C73}.Release|Any CPU.Build.0 = Release|Any CPU
		{74F5DEA7-B06D-4E76-A6E1-604DA535C8D5}.Debug|Any CPU.ActiveCfg = Debug|Any CPU
		{74F5DEA7-B06D-4E76-A6E1-604DA535C8D5}.Debug|Any CPU.Build.0 = Debug|Any CPU
		{74F5DEA7-B06D-4E76-A6E1-604DA535C8D5}.Release|Any CPU.ActiveCfg = Release|Any CPU
		{74F5DEA7-B06D-4E76-A6E1-604DA535C8D5}.Release|Any CPU.Build.0 = Release|Any CPU
		{4132229C-F264-4C09-8BC0-C5974FD6B780}.Debug|Any CPU.ActiveCfg = Debug|Any CPU
		{4132229C-F264-4C09-8BC0-C5974FD6B780}.Debug|Any CPU.Build.0 = Debug|Any CPU
		{4132229C-F264-4C09-8BC0-C5974FD6B780}.Release|Any CPU.ActiveCfg = Release|Any CPU
		{4132229C-F264-4C09-8BC0-C5974FD6B780}.Release|Any CPU.Build.0 = Release|Any CPU
		{E885827B-2D75-4236-8282-DA7F8EE2BECB}.Debug|Any CPU.ActiveCfg = Debug|Any CPU
		{E885827B-2D75-4236-8282-DA7F8EE2BECB}.Debug|Any CPU.Build.0 = Debug|Any CPU
		{E885827B-2D75-4236-8282-DA7F8EE2BECB}.Release|Any CPU.ActiveCfg = Release|Any CPU
		{E885827B-2D75-4236-8282-DA7F8EE2BECB}.Release|Any CPU.Build.0 = Release|Any CPU
		{63CEF079-9734-463B-98E2-018C08476CD1}.Debug|Any CPU.ActiveCfg = Debug|Any CPU
		{63CEF079-9734-463B-98E2-018C08476CD1}.Debug|Any CPU.Build.0 = Debug|Any CPU
		{63CEF079-9734-463B-98E2-018C08476CD1}.Release|Any CPU.ActiveCfg = Release|Any CPU
		{63CEF079-9734-463B-98E2-018C08476CD1}.Release|Any CPU.Build.0 = Release|Any CPU
		{F439C4A7-EA30-446F-99D4-046FE257E36E}.Debug|Any CPU.ActiveCfg = Debug|Any CPU
		{F439C4A7-EA30-446F-99D4-046FE257E36E}.Debug|Any CPU.Build.0 = Debug|Any CPU
		{F439C4A7-EA30-446F-99D4-046FE257E36E}.Release|Any CPU.ActiveCfg = Release|Any CPU
		{F439C4A7-EA30-446F-99D4-046FE257E36E}.Release|Any CPU.Build.0 = Release|Any CPU
		{E279B8DF-E526-46E8-B3C1-F0D7898F5B7B}.Debug|Any CPU.ActiveCfg = Debug|Any CPU
		{E279B8DF-E526-46E8-B3C1-F0D7898F5B7B}.Debug|Any CPU.Build.0 = Debug|Any CPU
		{E279B8DF-E526-46E8-B3C1-F0D7898F5B7B}.Release|Any CPU.ActiveCfg = Release|Any CPU
		{E279B8DF-E526-46E8-B3C1-F0D7898F5B7B}.Release|Any CPU.Build.0 = Release|Any CPU
	EndGlobalSection
	GlobalSection(SolutionProperties) = preSolution
		HideSolutionNode = FALSE
	EndGlobalSection
	GlobalSection(NestedProjects) = preSolution
		{AB9D7D85-813B-4D55-ABDF-6B6675E9564B} = {0C83F29E-7C5E-4C34-AD0A-7C2C09B5E003}
		{5AFD5F49-85EB-41B3-B6BD-B8EA1F3F772D} = {0C83F29E-7C5E-4C34-AD0A-7C2C09B5E003}
		{CB152282-B7EE-4131-9EDE-C463FA5F3BDE} = {0C83F29E-7C5E-4C34-AD0A-7C2C09B5E003}
		{0FF8A901-0CC3-43F4-926F-7EBA9F2A6819} = {C2E2287B-478A-47C3-865A-8B186189CEB3}
		{4A59ACC0-4D98-4789-BB42-3C2324D80D90} = {C2E2287B-478A-47C3-865A-8B186189CEB3}
		{4678D452-23EF-40CA-B1C7-FF50A2AA1192} = {C2E2287B-478A-47C3-865A-8B186189CEB3}
		{64EA1529-E8A4-405C-8B72-CCFC5558E124} = {796FABAF-B3B4-403E-9F64-0566F9BC5CC9}
		{8816D3CE-2D5B-4156-9780-122EBDA39288} = {796FABAF-B3B4-403E-9F64-0566F9BC5CC9}
		{40B624F1-9C44-4CA1-9613-D3AF45A3BA09} = {796FABAF-B3B4-403E-9F64-0566F9BC5CC9}
		{81B8928E-6A67-4EA1-851B-F9B04295F20C} = {11AA4DE5-0180-4413-B9D9-142586ADA616}
		{6329AD6D-6860-412B-AA83-0DD98F246E43} = {11AA4DE5-0180-4413-B9D9-142586ADA616}
		{9AD45875-13AF-4E04-A32C-0CEE41D55E52} = {11AA4DE5-0180-4413-B9D9-142586ADA616}
		{6FA4E15A-137C-4854-A87A-AB232A857C40} = {A4994E41-D597-4D7A-B404-D83BC2EF0265}
		{F061545D-E0E6-4C2C-A3B1-AC382F27FBB1} = {A4994E41-D597-4D7A-B404-D83BC2EF0265}
		{E0A9A00F-A28C-4A0B-849B-7628A2B572E1} = {A4994E41-D597-4D7A-B404-D83BC2EF0265}
		{E3D13F6B-93DA-4194-8BD0-319C2F07E6EB} = {8BB27AB2-DF2E-43AA-934D-07AEAB4D02FA}
		{18A07105-6EB4-46AA-AE3D-88A59F86AA0D} = {8BB27AB2-DF2E-43AA-934D-07AEAB4D02FA}
		{E5F941AE-9256-4602-94F7-B1095C5C2C73} = {8BB27AB2-DF2E-43AA-934D-07AEAB4D02FA}
		{74F5DEA7-B06D-4E76-A6E1-604DA535C8D5} = {3FC3B98B-D506-4548-B14A-AD54E860263F}
		{4132229C-F264-4C09-8BC0-C5974FD6B780} = {3FC3B98B-D506-4548-B14A-AD54E860263F}
		{E885827B-2D75-4236-8282-DA7F8EE2BECB} = {3FC3B98B-D506-4548-B14A-AD54E860263F}
		{63CEF079-9734-463B-98E2-018C08476CD1} = {656A020F-DD0B-4B34-9E64-366667598943}
		{F439C4A7-EA30-446F-99D4-046FE257E36E} = {656A020F-DD0B-4B34-9E64-366667598943}
		{E279B8DF-E526-46E8-B3C1-F0D7898F5B7B} = {656A020F-DD0B-4B34-9E64-366667598943}
	EndGlobalSection
EndGlobal
